
Microsoft Visual Studio Solution File, Format Version 12.00
# Visual Studio Version 17
VisualStudioVersion = 17.10.35027.167
MinimumVisualStudioVersion = 10.0.40219.1
Project("{9A19103F-16F7-4668-BE54-9A1E7A4F7556}") = "ikinciDerecedenDenklem", "ikinciDerecedenDenklem\ikinciDerecedenDenklem.csproj", "{48770194-634A-48F7-8C69-895EC14C00D1}"
EndProject
Project("{9A19103F-16F7-4668-BE54-9A1E7A4F7556}") = "ConsoleApp1", "ConsoleApp1\ConsoleApp1.csproj", "{5B156C95-671A-49F2-A093-92DBC3D13775}"
EndProject
Project("{9A19103F-16F7-4668-BE54-9A1E7A4F7556}") = "ConsoleApp2", "ConsoleApp2\ConsoleApp2.csproj", "{634D65A3-41FE-452D-9C6D-AD5534829472}"
EndProject
Project("{9A19103F-16F7-4668-BE54-9A1E7A4F7556}") = "ConsoleApp3", "ConsoleApp3\ConsoleApp3.csproj", "{1B6AD159-60E6-491D-9467-2734B3DA37F8}"
EndProject
Project("{9A19103F-16F7-4668-BE54-9A1E7A4F7556}") = "ConsoleApp4", "ConsoleApp4\ConsoleApp4.csproj", "{48C88D54-ECA1-4D9D-AA7A-7A074A210878}"
EndProject
Project("{9A19103F-16F7-4668-BE54-9A1E7A4F7556}") = "ConsoleApp5", "ConsoleApp5\ConsoleApp5.csproj", "{2171D3A1-B6AC-48F8-B1CE-03E86960884F}"
EndProject
Project("{9A19103F-16F7-4668-BE54-9A1E7A4F7556}") = "ConsoleApp6", "ConsoleApp6\ConsoleApp6.csproj", "{BE3DBD14-F18A-48B4-A9AB-2F4179CCC217}"
EndProject
Project("{9A19103F-16F7-4668-BE54-9A1E7A4F7556}") = "ConsoleApp7", "ConsoleApp7\ConsoleApp7.csproj", "{4C795194-D3ED-4AC2-AF99-92D727EED7A6}"
EndProject
Project("{9A19103F-16F7-4668-BE54-9A1E7A4F7556}") = "ConsoleApp8", "ConsoleApp8\ConsoleApp8.csproj", "{C12C7E08-4488-4E92-AA21-A44AF1F8CCBD}"
EndProject
Project("{9A19103F-16F7-4668-BE54-9A1E7A4F7556}") = "ConsoleApp9", "ConsoleApp9\ConsoleApp9.csproj", "{3BC8B1A9-05FE-400F-8CFC-1E4C7E077CD7}"
EndProject
Project("{9A19103F-16F7-4668-BE54-9A1E7A4F7556}") = "ConsoleApp10", "ConsoleApp10\ConsoleApp10.csproj", "{ADEEE3B5-B306-45A5-825E-A6D39A6740F7}"
EndProject
Project("{9A19103F-16F7-4668-BE54-9A1E7A4F7556}") = "ConsoleApp11", "ConsoleApp11\ConsoleApp11.csproj", "{0A6737CA-7081-4D97-B155-2078A895A4A7}"
EndProject
Project("{9A19103F-16F7-4668-BE54-9A1E7A4F7556}") = "ConsoleApp12", "ConsoleApp12\ConsoleApp12.csproj", "{F827C120-84E0-464D-95C4-D782461D69AB}"
EndProject
Project("{9A19103F-16F7-4668-BE54-9A1E7A4F7556}") = "ConsoleApp13", "ConsoleApp13\ConsoleApp13.csproj", "{15E9BDC5-96C9-47F8-837B-F8232B02723C}"
EndProject
Project("{9A19103F-16F7-4668-BE54-9A1E7A4F7556}") = "OOPOrnek", "OOPOrnek\OOPOrnek.csproj", "{9090D832-1255-4028-B15A-99FB2FFB4602}"
EndProject
Project("{9A19103F-16F7-4668-BE54-9A1E7A4F7556}") = "ConsoleApp14", "ConsoleApp14\ConsoleApp14.csproj", "{91F423E3-439B-44F9-980A-D896CFD1D952}"
EndProject
Project("{9A19103F-16F7-4668-BE54-9A1E7A4F7556}") = "ConsoleApp15", "ConsoleApp15\ConsoleApp15.csproj", "{64F2B8B0-125B-4DC3-83CE-D16B57D62A6D}"
EndProject
Project("{9A19103F-16F7-4668-BE54-9A1E7A4F7556}") = "ConsoleApp16", "ConsoleApp16\ConsoleApp16.csproj", "{709A2B6A-4963-4920-B511-429D7A6914FA}"
EndProject
Project("{9A19103F-16F7-4668-BE54-9A1E7A4F7556}") = "ConsoleApp17", "ConsoleApp17\ConsoleApp17.csproj", "{34CE42DA-4FB2-41D8-9286-776BA6DD1A77}"
EndProject
Project("{9A19103F-16F7-4668-BE54-9A1E7A4F7556}") = "ConsoleApp18", "ConsoleApp18\ConsoleApp18.csproj", "{9104F2CE-E2E7-44F9-B01A-BB33EBAB8919}"
EndProject
Project("{9A19103F-16F7-4668-BE54-9A1E7A4F7556}") = "ConsoleApp19", "ConsoleApp19\ConsoleApp19.csproj", "{7ABED618-44C2-409F-8B3B-F061D629C618}"
EndProject
Project("{9A19103F-16F7-4668-BE54-9A1E7A4F7556}") = "ConsoleApp20", "ConsoleApp20\ConsoleApp20.csproj", "{F21B6E26-AE31-4BA2-90B3-BB0F1DE42209}"
EndProject
Project("{9A19103F-16F7-4668-BE54-9A1E7A4F7556}") = "ConsoleApp21", "ConsoleApp21\ConsoleApp21.csproj", "{22A371FF-F29B-4189-AD7D-41BE6130B5CA}"
EndProject
Project("{9A19103F-16F7-4668-BE54-9A1E7A4F7556}") = "ConsoleApp22", "ConsoleApp22\ConsoleApp22.csproj", "{D3B6A4FF-448D-4452-90D5-B807FCA30475}"
EndProject
Project("{9A19103F-16F7-4668-BE54-9A1E7A4F7556}") = "ConsoleApp23", "ConsoleApp23\ConsoleApp23.csproj", "{5660AEA3-342D-43D2-A434-64732CBAF279}"
EndProject
Project("{FAE04EC0-301F-11D3-BF4B-00C04F79EFBC}") = "ConsoleApp24", "ConsoleApp24\ConsoleApp24.csproj", "{6C8C2845-DF78-4473-86F5-ADE846AE6E49}"
EndProject
Project("{FAE04EC0-301F-11D3-BF4B-00C04F79EFBC}") = "ConsoleApp25", "ConsoleApp25\ConsoleApp25.csproj", "{9CEE836A-2E81-41C9-B638-1DDDF7F27419}"
EndProject
Project("{FAE04EC0-301F-11D3-BF4B-00C04F79EFBC}") = "ConsoleApp26", "ConsoleApp26\ConsoleApp26.csproj", "{91056D10-F158-46BE-8B95-AAC613241FF9}"
EndProject
Global
	GlobalSection(SolutionConfigurationPlatforms) = preSolution
		Debug|Any CPU = Debug|Any CPU
		Release|Any CPU = Release|Any CPU
	EndGlobalSection
	GlobalSection(ProjectConfigurationPlatforms) = postSolution
		{48770194-634A-48F7-8C69-895EC14C00D1}.Debug|Any CPU.ActiveCfg = Debug|Any CPU
		{48770194-634A-48F7-8C69-895EC14C00D1}.Debug|Any CPU.Build.0 = Debug|Any CPU
		{48770194-634A-48F7-8C69-895EC14C00D1}.Release|Any CPU.ActiveCfg = Release|Any CPU
		{48770194-634A-48F7-8C69-895EC14C00D1}.Release|Any CPU.Build.0 = Release|Any CPU
		{5B156C95-671A-49F2-A093-92DBC3D13775}.Debug|Any CPU.ActiveCfg = Debug|Any CPU
		{5B156C95-671A-49F2-A093-92DBC3D13775}.Debug|Any CPU.Build.0 = Debug|Any CPU
		{5B156C95-671A-49F2-A093-92DBC3D13775}.Release|Any CPU.ActiveCfg = Release|Any CPU
		{5B156C95-671A-49F2-A093-92DBC3D13775}.Release|Any CPU.Build.0 = Release|Any CPU
		{634D65A3-41FE-452D-9C6D-AD5534829472}.Debug|Any CPU.ActiveCfg = Debug|Any CPU
		{634D65A3-41FE-452D-9C6D-AD5534829472}.Debug|Any CPU.Build.0 = Debug|Any CPU
		{634D65A3-41FE-452D-9C6D-AD5534829472}.Release|Any CPU.ActiveCfg = Release|Any CPU
		{634D65A3-41FE-452D-9C6D-AD5534829472}.Release|Any CPU.Build.0 = Release|Any CPU
		{1B6AD159-60E6-491D-9467-2734B3DA37F8}.Debug|Any CPU.ActiveCfg = Debug|Any CPU
		{1B6AD159-60E6-491D-9467-2734B3DA37F8}.Debug|Any CPU.Build.0 = Debug|Any CPU
		{1B6AD159-60E6-491D-9467-2734B3DA37F8}.Release|Any CPU.ActiveCfg = Release|Any CPU
		{1B6AD159-60E6-491D-9467-2734B3DA37F8}.Release|Any CPU.Build.0 = Release|Any CPU
		{48C88D54-ECA1-4D9D-AA7A-7A074A210878}.Debug|Any CPU.ActiveCfg = Debug|Any CPU
		{48C88D54-ECA1-4D9D-AA7A-7A074A210878}.Debug|Any CPU.Build.0 = Debug|Any CPU
		{48C88D54-ECA1-4D9D-AA7A-7A074A210878}.Release|Any CPU.ActiveCfg = Release|Any CPU
		{48C88D54-ECA1-4D9D-AA7A-7A074A210878}.Release|Any CPU.Build.0 = Release|Any CPU
		{2171D3A1-B6AC-48F8-B1CE-03E86960884F}.Debug|Any CPU.ActiveCfg = Debug|Any CPU
		{2171D3A1-B6AC-48F8-B1CE-03E86960884F}.Debug|Any CPU.Build.0 = Debug|Any CPU
		{2171D3A1-B6AC-48F8-B1CE-03E86960884F}.Release|Any CPU.ActiveCfg = Release|Any CPU
		{2171D3A1-B6AC-48F8-B1CE-03E86960884F}.Release|Any CPU.Build.0 = Release|Any CPU
		{BE3DBD14-F18A-48B4-A9AB-2F4179CCC217}.Debug|Any CPU.ActiveCfg = Debug|Any CPU
		{BE3DBD14-F18A-48B4-A9AB-2F4179CCC217}.Debug|Any CPU.Build.0 = Debug|Any CPU
		{BE3DBD14-F18A-48B4-A9AB-2F4179CCC217}.Release|Any CPU.ActiveCfg = Release|Any CPU
		{BE3DBD14-F18A-48B4-A9AB-2F4179CCC217}.Release|Any CPU.Build.0 = Release|Any CPU
		{4C795194-D3ED-4AC2-AF99-92D727EED7A6}.Debug|Any CPU.ActiveCfg = Debug|Any CPU
		{4C795194-D3ED-4AC2-AF99-92D727EED7A6}.Debug|Any CPU.Build.0 = Debug|Any CPU
		{4C795194-D3ED-4AC2-AF99-92D727EED7A6}.Release|Any CPU.ActiveCfg = Release|Any CPU
		{4C795194-D3ED-4AC2-AF99-92D727EED7A6}.Release|Any CPU.Build.0 = Release|Any CPU
		{C12C7E08-4488-4E92-AA21-A44AF1F8CCBD}.Debug|Any CPU.ActiveCfg = Debug|Any CPU
		{C12C7E08-4488-4E92-AA21-A44AF1F8CCBD}.Debug|Any CPU.Build.0 = Debug|Any CPU
		{C12C7E08-4488-4E92-AA21-A44AF1F8CCBD}.Release|Any CPU.ActiveCfg = Release|Any CPU
		{C12C7E08-4488-4E92-AA21-A44AF1F8CCBD}.Release|Any CPU.Build.0 = Release|Any CPU
		{3BC8B1A9-05FE-400F-8CFC-1E4C7E077CD7}.Debug|Any CPU.ActiveCfg = Debug|Any CPU
		{3BC8B1A9-05FE-400F-8CFC-1E4C7E077CD7}.Debug|Any CPU.Build.0 = Debug|Any CPU
		{3BC8B1A9-05FE-400F-8CFC-1E4C7E077CD7}.Release|Any CPU.ActiveCfg = Release|Any CPU
		{3BC8B1A9-05FE-400F-8CFC-1E4C7E077CD7}.Release|Any CPU.Build.0 = Release|Any CPU
		{ADEEE3B5-B306-45A5-825E-A6D39A6740F7}.Debug|Any CPU.ActiveCfg = Debug|Any CPU
		{ADEEE3B5-B306-45A5-825E-A6D39A6740F7}.Debug|Any CPU.Build.0 = Debug|Any CPU
		{ADEEE3B5-B306-45A5-825E-A6D39A6740F7}.Release|Any CPU.ActiveCfg = Release|Any CPU
		{ADEEE3B5-B306-45A5-825E-A6D39A6740F7}.Release|Any CPU.Build.0 = Release|Any CPU
		{0A6737CA-7081-4D97-B155-2078A895A4A7}.Debug|Any CPU.ActiveCfg = Debug|Any CPU
		{0A6737CA-7081-4D97-B155-2078A895A4A7}.Debug|Any CPU.Build.0 = Debug|Any CPU
		{0A6737CA-7081-4D97-B155-2078A895A4A7}.Release|Any CPU.ActiveCfg = Release|Any CPU
		{0A6737CA-7081-4D97-B155-2078A895A4A7}.Release|Any CPU.Build.0 = Release|Any CPU
		{F827C120-84E0-464D-95C4-D782461D69AB}.Debug|Any CPU.ActiveCfg = Debug|Any CPU
		{F827C120-84E0-464D-95C4-D782461D69AB}.Debug|Any CPU.Build.0 = Debug|Any CPU
		{F827C120-84E0-464D-95C4-D782461D69AB}.Release|Any CPU.ActiveCfg = Release|Any CPU
		{F827C120-84E0-464D-95C4-D782461D69AB}.Release|Any CPU.Build.0 = Release|Any CPU
		{15E9BDC5-96C9-47F8-837B-F8232B02723C}.Debug|Any CPU.ActiveCfg = Debug|Any CPU
		{15E9BDC5-96C9-47F8-837B-F8232B02723C}.Debug|Any CPU.Build.0 = Debug|Any CPU
		{15E9BDC5-96C9-47F8-837B-F8232B02723C}.Release|Any CPU.ActiveCfg = Release|Any CPU
		{15E9BDC5-96C9-47F8-837B-F8232B02723C}.Release|Any CPU.Build.0 = Release|Any CPU
		{9090D832-1255-4028-B15A-99FB2FFB4602}.Debug|Any CPU.ActiveCfg = Debug|Any CPU
		{9090D832-1255-4028-B15A-99FB2FFB4602}.Debug|Any CPU.Build.0 = Debug|Any CPU
		{9090D832-1255-4028-B15A-99FB2FFB4602}.Release|Any CPU.ActiveCfg = Release|Any CPU
		{9090D832-1255-4028-B15A-99FB2FFB4602}.Release|Any CPU.Build.0 = Release|Any CPU
		{91F423E3-439B-44F9-980A-D896CFD1D952}.Debug|Any CPU.ActiveCfg = Debug|Any CPU
		{91F423E3-439B-44F9-980A-D896CFD1D952}.Debug|Any CPU.Build.0 = Debug|Any CPU
		{91F423E3-439B-44F9-980A-D896CFD1D952}.Release|Any CPU.ActiveCfg = Release|Any CPU
		{91F423E3-439B-44F9-980A-D896CFD1D952}.Release|Any CPU.Build.0 = Release|Any CPU
		{64F2B8B0-125B-4DC3-83CE-D16B57D62A6D}.Debug|Any CPU.ActiveCfg = Debug|Any CPU
		{64F2B8B0-125B-4DC3-83CE-D16B57D62A6D}.Debug|Any CPU.Build.0 = Debug|Any CPU
		{64F2B8B0-125B-4DC3-83CE-D16B57D62A6D}.Release|Any CPU.ActiveCfg = Release|Any CPU
		{64F2B8B0-125B-4DC3-83CE-D16B57D62A6D}.Release|Any CPU.Build.0 = Release|Any CPU
		{709A2B6A-4963-4920-B511-429D7A6914FA}.Debug|Any CPU.ActiveCfg = Debug|Any CPU
		{709A2B6A-4963-4920-B511-429D7A6914FA}.Debug|Any CPU.Build.0 = Debug|Any CPU
		{709A2B6A-4963-4920-B511-429D7A6914FA}.Release|Any CPU.ActiveCfg = Release|Any CPU
		{709A2B6A-4963-4920-B511-429D7A6914FA}.Release|Any CPU.Build.0 = Release|Any CPU
		{34CE42DA-4FB2-41D8-9286-776BA6DD1A77}.Debug|Any CPU.ActiveCfg = Debug|Any CPU
		{34CE42DA-4FB2-41D8-9286-776BA6DD1A77}.Debug|Any CPU.Build.0 = Debug|Any CPU
		{34CE42DA-4FB2-41D8-9286-776BA6DD1A77}.Release|Any CPU.ActiveCfg = Release|Any CPU
		{34CE42DA-4FB2-41D8-9286-776BA6DD1A77}.Release|Any CPU.Build.0 = Release|Any CPU
		{9104F2CE-E2E7-44F9-B01A-BB33EBAB8919}.Debug|Any CPU.ActiveCfg = Debug|Any CPU
		{9104F2CE-E2E7-44F9-B01A-BB33EBAB8919}.Debug|Any CPU.Build.0 = Debug|Any CPU
		{9104F2CE-E2E7-44F9-B01A-BB33EBAB8919}.Release|Any CPU.ActiveCfg = Release|Any CPU
		{9104F2CE-E2E7-44F9-B01A-BB33EBAB8919}.Release|Any CPU.Build.0 = Release|Any CPU
		{7ABED618-44C2-409F-8B3B-F061D629C618}.Debug|Any CPU.ActiveCfg = Debug|Any CPU
		{7ABED618-44C2-409F-8B3B-F061D629C618}.Debug|Any CPU.Build.0 = Debug|Any CPU
		{7ABED618-44C2-409F-8B3B-F061D629C618}.Release|Any CPU.ActiveCfg = Release|Any CPU
		{7ABED618-44C2-409F-8B3B-F061D629C618}.Release|Any CPU.Build.0 = Release|Any CPU
		{F21B6E26-AE31-4BA2-90B3-BB0F1DE42209}.Debug|Any CPU.ActiveCfg = Debug|Any CPU
		{F21B6E26-AE31-4BA2-90B3-BB0F1DE42209}.Debug|Any CPU.Build.0 = Debug|Any CPU
		{F21B6E26-AE31-4BA2-90B3-BB0F1DE42209}.Release|Any CPU.ActiveCfg = Release|Any CPU
		{F21B6E26-AE31-4BA2-90B3-BB0F1DE42209}.Release|Any CPU.Build.0 = Release|Any CPU
		{22A371FF-F29B-4189-AD7D-41BE6130B5CA}.Debug|Any CPU.ActiveCfg = Debug|Any CPU
		{22A371FF-F29B-4189-AD7D-41BE6130B5CA}.Debug|Any CPU.Build.0 = Debug|Any CPU
		{22A371FF-F29B-4189-AD7D-41BE6130B5CA}.Release|Any CPU.ActiveCfg = Release|Any CPU
		{22A371FF-F29B-4189-AD7D-41BE6130B5CA}.Release|Any CPU.Build.0 = Release|Any CPU
		{D3B6A4FF-448D-4452-90D5-B807FCA30475}.Debug|Any CPU.ActiveCfg = Debug|Any CPU
		{D3B6A4FF-448D-4452-90D5-B807FCA30475}.Debug|Any CPU.Build.0 = Debug|Any CPU
		{D3B6A4FF-448D-4452-90D5-B807FCA30475}.Release|Any CPU.ActiveCfg = Release|Any CPU
		{D3B6A4FF-448D-4452-90D5-B807FCA30475}.Release|Any CPU.Build.0 = Release|Any CPU
		{5660AEA3-342D-43D2-A434-64732CBAF279}.Debug|Any CPU.ActiveCfg = Debug|Any CPU
		{5660AEA3-342D-43D2-A434-64732CBAF279}.Debug|Any CPU.Build.0 = Debug|Any CPU
		{5660AEA3-342D-43D2-A434-64732CBAF279}.Release|Any CPU.ActiveCfg = Release|Any CPU
		{5660AEA3-342D-43D2-A434-64732CBAF279}.Release|Any CPU.Build.0 = Release|Any CPU
		{6C8C2845-DF78-4473-86F5-ADE846AE6E49}.Debug|Any CPU.ActiveCfg = Debug|Any CPU
		{6C8C2845-DF78-4473-86F5-ADE846AE6E49}.Debug|Any CPU.Build.0 = Debug|Any CPU
		{6C8C2845-DF78-4473-86F5-ADE846AE6E49}.Release|Any CPU.ActiveCfg = Release|Any CPU
		{6C8C2845-DF78-4473-86F5-ADE846AE6E49}.Release|Any CPU.Build.0 = Release|Any CPU
		{9CEE836A-2E81-41C9-B638-1DDDF7F27419}.Debug|Any CPU.ActiveCfg = Debug|Any CPU
		{9CEE836A-2E81-41C9-B638-1DDDF7F27419}.Debug|Any CPU.Build.0 = Debug|Any CPU
		{9CEE836A-2E81-41C9-B638-1DDDF7F27419}.Release|Any CPU.ActiveCfg = Release|Any CPU
		{9CEE836A-2E81-41C9-B638-1DDDF7F27419}.Release|Any CPU.Build.0 = Release|Any CPU
		{91056D10-F158-46BE-8B95-AAC613241FF9}.Debug|Any CPU.ActiveCfg = Debug|Any CPU
		{91056D10-F158-46BE-8B95-AAC613241FF9}.Debug|Any CPU.Build.0 = Debug|Any CPU
		{91056D10-F158-46BE-8B95-AAC613241FF9}.Release|Any CPU.ActiveCfg = Release|Any CPU
		{91056D10-F158-46BE-8B95-AAC613241FF9}.Release|Any CPU.Build.0 = Release|Any CPU
	EndGlobalSection
	GlobalSection(SolutionProperties) = preSolution
		HideSolutionNode = FALSE
	EndGlobalSection
	GlobalSection(ExtensibilityGlobals) = postSolution
		SolutionGuid = {8680BBCB-BFB4-40B4-A167-157DA6C8CF1E}
	EndGlobalSection
EndGlobal
